
Microsoft Visual Studio Solution File, Format Version 12.00
# Visual Studio Version 17
VisualStudioVersion = 17.11.35222.181
MinimumVisualStudioVersion = 10.0.40219.1
Project("{FAE04EC0-301F-11D3-BF4B-00C04F79EFBC}") = "Assignment2_Grp06", "Assignment2_Grp06.csproj", "{AD10B5D8-AD38-4888-88E4-9285A04CFEBB}"
EndProject
Global
	GlobalSection(SolutionConfigurationPlatforms) = preSolution
		Debug|Any CPU = Debug|Any CPU
		Release|Any CPU = Release|Any CPU
	EndGlobalSection
	GlobalSection(ProjectConfigurationPlatforms) = postSolution
		{AD10B5D8-AD38-4888-88E4-9285A04CFEBB}.Debug|Any CPU.ActiveCfg = Debug|Any CPU
		{AD10B5D8-AD38-4888-88E4-9285A04CFEBB}.Debug|Any CPU.Build.0 = Debug|Any CPU
		{AD10B5D8-AD38-4888-88E4-9285A04CFEBB}.Release|Any CPU.ActiveCfg = Release|Any CPU
		{AD10B5D8-AD38-4888-88E4-9285A04CFEBB}.Release|Any CPU.Build.0 = Release|Any CPU
	EndGlobalSection
	GlobalSection(SolutionProperties) = preSolution
		HideSolutionNode = FALSE
	EndGlobalSection
	GlobalSection(ExtensibilityGlobals) = postSolution
		SolutionGuid = {43C30C18-7677-4B31-92AE-E84534B76001}
	EndGlobalSection
EndGlobal
